
Microsoft Visual Studio Solution File, Format Version 12.00
# Visual Studio Version 17
VisualStudioVersion = 17.4.33213.308
MinimumVisualStudioVersion = 10.0.40219.1
Project("{FAE04EC0-301F-11D3-BF4B-00C04F79EFBC}") = "2Note", "2Note\2Note.csproj", "{6E752AC3-E964-43D2-ACE9-E26F70CA5E20}"
EndProject
Global
	GlobalSection(SolutionConfigurationPlatforms) = preSolution
		Debug|Any CPU = Debug|Any CPU
		Release|Any CPU = Release|Any CPU
	EndGlobalSection
	GlobalSection(ProjectConfigurationPlatforms) = postSolution
		{6E752AC3-E964-43D2-ACE9-E26F70CA5E20}.Debug|Any CPU.ActiveCfg = Debug|Any CPU
		{6E752AC3-E964-43D2-ACE9-E26F70CA5E20}.Debug|Any CPU.Build.0 = Debug|Any CPU
		{6E752AC3-E964-43D2-ACE9-E26F70CA5E20}.Release|Any CPU.ActiveCfg = Release|Any CPU
		{6E752AC3-E964-43D2-ACE9-E26F70CA5E20}.Release|Any CPU.Build.0 = Release|Any CPU
	EndGlobalSection
	GlobalSection(SolutionProperties) = preSolution
		HideSolutionNode = FALSE
	EndGlobalSection
	GlobalSection(ExtensibilityGlobals) = postSolution
		SolutionGuid = {935938EE-3B5D-4779-B1B4-0A793BBCDE7A}
	EndGlobalSection
EndGlobal
